
Microsoft Visual Studio Solution File, Format Version 12.00
# Visual Studio Version 16
VisualStudioVersion = 16.0.31605.320
MinimumVisualStudioVersion = 10.0.40219.1
Project("{FAE04EC0-301F-11D3-BF4B-00C04F79EFBC}") = "Customer.API", "Customer.API\Customer.API.csproj", "{685A729F-1B99-4DC4-A776-76D38E33D32B}"
EndProject
Project("{FAE04EC0-301F-11D3-BF4B-00C04F79EFBC}") = "Order.API", "OrderService\Order.API.csproj", "{536CAE3C-6385-4286-8201-6C93CD6A148C}"
EndProject
Project("{E53339B2-1760-4266-BCC7-CA923CBCF16C}") = "docker-compose", "docker-compose.dcproj", "{2CD8A1F9-2A4D-4205-B696-843497662C22}"
EndProject
Global
	GlobalSection(SolutionConfigurationPlatforms) = preSolution
		Debug|Any CPU = Debug|Any CPU
		Release|Any CPU = Release|Any CPU
	EndGlobalSection
	GlobalSection(ProjectConfigurationPlatforms) = postSolution
		{685A729F-1B99-4DC4-A776-76D38E33D32B}.Debug|Any CPU.ActiveCfg = Debug|Any CPU
		{685A729F-1B99-4DC4-A776-76D38E33D32B}.Debug|Any CPU.Build.0 = Debug|Any CPU
		{685A729F-1B99-4DC4-A776-76D38E33D32B}.Release|Any CPU.ActiveCfg = Release|Any CPU
		{685A729F-1B99-4DC4-A776-76D38E33D32B}.Release|Any CPU.Build.0 = Release|Any CPU
		{536CAE3C-6385-4286-8201-6C93CD6A148C}.Debug|Any CPU.ActiveCfg = Debug|Any CPU
		{536CAE3C-6385-4286-8201-6C93CD6A148C}.Debug|Any CPU.Build.0 = Debug|Any CPU
		{536CAE3C-6385-4286-8201-6C93CD6A148C}.Release|Any CPU.ActiveCfg = Release|Any CPU
		{536CAE3C-6385-4286-8201-6C93CD6A148C}.Release|Any CPU.Build.0 = Release|Any CPU
		{2CD8A1F9-2A4D-4205-B696-843497662C22}.Debug|Any CPU.ActiveCfg = Debug|Any CPU
		{2CD8A1F9-2A4D-4205-B696-843497662C22}.Debug|Any CPU.Build.0 = Debug|Any CPU
		{2CD8A1F9-2A4D-4205-B696-843497662C22}.Release|Any CPU.ActiveCfg = Release|Any CPU
		{2CD8A1F9-2A4D-4205-B696-843497662C22}.Release|Any CPU.Build.0 = Release|Any CPU
	EndGlobalSection
	GlobalSection(SolutionProperties) = preSolution
		HideSolutionNode = FALSE
	EndGlobalSection
	GlobalSection(ExtensibilityGlobals) = postSolution
		SolutionGuid = {C9D73718-C24C-4858-A81E-C877F97DC691}
	EndGlobalSection
EndGlobal
